// !$*UTF8*$!
{
	archiveVersion = 1;
	classes = {
	};
	objectVersion = 46;
	objects = {

/* Begin PBXBuildFile section */
		B48D89D91D6AE14D00814887 /* main.m in Sources */ = {isa = PBXBuildFile; fileRef = B48D89D81D6AE14D00814887 /* main.m */; };
		B48D89DC1D6AE14D00814887 /* AppDelegate.m in Sources */ = {isa = PBXBuildFile; fileRef = B48D89DB1D6AE14D00814887 /* AppDelegate.m */; };
		B48D89DF1D6AE14D00814887 /* ViewController.m in Sources */ = {isa = PBXBuildFile; fileRef = B48D89DE1D6AE14D00814887 /* ViewController.m */; };
		B48D89E21D6AE14D00814887 /* Main.storyboard in Resources */ = {isa = PBXBuildFile; fileRef = B48D89E01D6AE14D00814887 /* Main.storyboard */; };
		B48D89E41D6AE14D00814887 /* Assets.xcassets in Resources */ = {isa = PBXBuildFile; fileRef = B48D89E31D6AE14D00814887 /* Assets.xcassets */; };
		B48D89E71D6AE14D00814887 /* LaunchScreen.storyboard in Resources */ = {isa = PBXBuildFile; fileRef = B48D89E51D6AE14D00814887 /* LaunchScreen.storyboard */; };
		B48D89F21D6AE14D00814887 /* ChooseLocationTests.m in Sources */ = {isa = PBXBuildFile; fileRef = B48D89F11D6AE14D00814887 /* ChooseLocationTests.m */; };
		B48D89FD1D6AE14D00814887 /* ChooseLocationUITests.m in Sources */ = {isa = PBXBuildFile; fileRef = B48D89FC1D6AE14D00814887 /* ChooseLocationUITests.m */; };
		B4BB8FDD1DBEED1B00EF753C /* FMDatabase.m in Sources */ = {isa = PBXBuildFile; fileRef = B4BB8FD21DBEED1B00EF753C /* FMDatabase.m */; };
		B4BB8FDE1DBEED1B00EF753C /* FMDatabaseAdditions.m in Sources */ = {isa = PBXBuildFile; fileRef = B4BB8FD41DBEED1B00EF753C /* FMDatabaseAdditions.m */; };
		B4BB8FDF1DBEED1B00EF753C /* FMDatabasePool.m in Sources */ = {isa = PBXBuildFile; fileRef = B4BB8FD61DBEED1B00EF753C /* FMDatabasePool.m */; };
		B4BB8FE01DBEED1B00EF753C /* FMDatabaseQueue.m in Sources */ = {isa = PBXBuildFile; fileRef = B4BB8FD81DBEED1B00EF753C /* FMDatabaseQueue.m */; };
		B4BB8FE11DBEED1B00EF753C /* FMResultSet.m in Sources */ = {isa = PBXBuildFile; fileRef = B4BB8FDB1DBEED1B00EF753C /* FMResultSet.m */; };
		B4BB8FE21DBEED1B00EF753C /* Info.plist in Resources */ = {isa = PBXBuildFile; fileRef = B4BB8FDC1DBEED1B00EF753C /* Info.plist */; };
		B4BB8FE81DBEEEFB00EF753C /* UIView+Frame.m in Sources */ = {isa = PBXBuildFile; fileRef = B4BB8FE71DBEEEFB00EF753C /* UIView+Frame.m */; };
		B4BB8FF51DBEEF0300EF753C /* AddressItem.m in Sources */ = {isa = PBXBuildFile; fileRef = B4BB8FEC1DBEEF0300EF753C /* AddressItem.m */; };
		B4BB8FF61DBEEF0300EF753C /* AddressTableViewCell.m in Sources */ = {isa = PBXBuildFile; fileRef = B4BB8FEF1DBEEF0300EF753C /* AddressTableViewCell.m */; };
		B4BB8FF71DBEEF0300EF753C /* AddressTableViewCell.xib in Resources */ = {isa = PBXBuildFile; fileRef = B4BB8FF01DBEEF0300EF753C /* AddressTableViewCell.xib */; };
		B4BB8FF81DBEEF0300EF753C /* AddressView.m in Sources */ = {isa = PBXBuildFile; fileRef = B4BB8FF21DBEEF0300EF753C /* AddressView.m */; };
		B4BB8FF91DBEEF0300EF753C /* ChooseLocationView.m in Sources */ = {isa = PBXBuildFile; fileRef = B4BB8FF41DBEEF0300EF753C /* ChooseLocationView.m */; };
		B4BB8FFD1DBEF8D900EF753C /* Cities.json in Resources */ = {isa = PBXBuildFile; fileRef = B4BB8FFC1DBEF8D900EF753C /* Cities.json */; };
		B4BB90011DBEF98F00EF753C /* CitiesDataTool.m in Sources */ = {isa = PBXBuildFile; fileRef = B4BB90001DBEF98F00EF753C /* CitiesDataTool.m */; };
		B4BB90021DBF659D00EF753C /* libsqlite3.0.tbd in Frameworks */ = {isa = PBXBuildFile; fileRef = B4BB8FE31DBEEDDB00EF753C /* libsqlite3.0.tbd */; };
/* End PBXBuildFile section */

/* Begin PBXContainerItemProxy section */
		B48D89EE1D6AE14D00814887 /* PBXContainerItemProxy */ = {
			isa = PBXContainerItemProxy;
			containerPortal = B48D89CC1D6AE14D00814887 /* Project object */;
			proxyType = 1;
			remoteGlobalIDString = B48D89D31D6AE14D00814887;
			remoteInfo = ChooseLocation;
		};
		B48D89F91D6AE14D00814887 /* PBXContainerItemProxy */ = {
			isa = PBXContainerItemProxy;
			containerPortal = B48D89CC1D6AE14D00814887 /* Project object */;
			proxyType = 1;
			remoteGlobalIDString = B48D89D31D6AE14D00814887;
			remoteInfo = ChooseLocation;
		};
/* End PBXContainerItemProxy section */

/* Begin PBXFileReference section */
		B48D89D41D6AE14D00814887 /* ChooseLocation.app */ = {isa = PBXFileReference; explicitFileType = wrapper.application; includeInIndex = 0; path = ChooseLocation.app; sourceTree = BUILT_PRODUCTS_DIR; };
		B48D89D81D6AE14D00814887 /* main.m */ = {isa = PBXFileReference; lastKnownFileType = sourcecode.c.objc; path = main.m; sourceTree = "<group>"; };
		B48D89DA1D6AE14D00814887 /* AppDelegate.h */ = {isa = PBXFileReference; lastKnownFileType = sourcecode.c.h; path = AppDelegate.h; sourceTree = "<group>"; };
		B48D89DB1D6AE14D00814887 /* AppDelegate.m */ = {isa = PBXFileReference; lastKnownFileType = sourcecode.c.objc; path = AppDelegate.m; sourceTree = "<group>"; };
		B48D89DD1D6AE14D00814887 /* ViewController.h */ = {isa = PBXFileReference; lastKnownFileType = sourcecode.c.h; path = ViewController.h; sourceTree = "<group>"; };
		B48D89DE1D6AE14D00814887 /* ViewController.m */ = {isa = PBXFileReference; lastKnownFileType = sourcecode.c.objc; path = ViewController.m; sourceTree = "<group>"; };
		B48D89E11D6AE14D00814887 /* Base */ = {isa = PBXFileReference; lastKnownFileType = file.storyboard; name = Base; path = Base.lproj/Main.storyboard; sourceTree = "<group>"; };
		B48D89E31D6AE14D00814887 /* Assets.xcassets */ = {isa = PBXFileReference; lastKnownFileType = folder.assetcatalog; path = Assets.xcassets; sourceTree = "<group>"; };
		B48D89E61D6AE14D00814887 /* Base */ = {isa = PBXFileReference; lastKnownFileType = file.storyboard; name = Base; path = Base.lproj/LaunchScreen.storyboard; sourceTree = "<group>"; };
		B48D89E81D6AE14D00814887 /* Info.plist */ = {isa = PBXFileReference; lastKnownFileType = text.plist.xml; path = Info.plist; sourceTree = "<group>"; };
		B48D89ED1D6AE14D00814887 /* ChooseLocationTests.xctest */ = {isa = PBXFileReference; explicitFileType = wrapper.cfbundle; includeInIndex = 0; path = ChooseLocationTests.xctest; sourceTree = BUILT_PRODUCTS_DIR; };
		B48D89F11D6AE14D00814887 /* ChooseLocationTests.m */ = {isa = PBXFileReference; lastKnownFileType = sourcecode.c.objc; path = ChooseLocationTests.m; sourceTree = "<group>"; };
		B48D89F31D6AE14D00814887 /* Info.plist */ = {isa = PBXFileReference; lastKnownFileType = text.plist.xml; path = Info.plist; sourceTree = "<group>"; };
		B48D89F81D6AE14D00814887 /* ChooseLocationUITests.xctest */ = {isa = PBXFileReference; explicitFileType = wrapper.cfbundle; includeInIndex = 0; path = ChooseLocationUITests.xctest; sourceTree = BUILT_PRODUCTS_DIR; };
		B48D89FC1D6AE14D00814887 /* ChooseLocationUITests.m */ = {isa = PBXFileReference; lastKnownFileType = sourcecode.c.objc; path = ChooseLocationUITests.m; sourceTree = "<group>"; };
		B48D89FE1D6AE14D00814887 /* Info.plist */ = {isa = PBXFileReference; lastKnownFileType = text.plist.xml; path = Info.plist; sourceTree = "<group>"; };
		B4BB8FD11DBEED1B00EF753C /* FMDatabase.h */ = {isa = PBXFileReference; fileEncoding = 4; lastKnownFileType = sourcecode.c.h; path = FMDatabase.h; sourceTree = "<group>"; };
		B4BB8FD21DBEED1B00EF753C /* FMDatabase.m */ = {isa = PBXFileReference; fileEncoding = 4; lastKnownFileType = sourcecode.c.objc; path = FMDatabase.m; sourceTree = "<group>"; };
		B4BB8FD31DBEED1B00EF753C /* FMDatabaseAdditions.h */ = {isa = PBXFileReference; fileEncoding = 4; lastKnownFileType = sourcecode.c.h; path = FMDatabaseAdditions.h; sourceTree = "<group>"; };
		B4BB8FD41DBEED1B00EF753C /* FMDatabaseAdditions.m */ = {isa = PBXFileReference; fileEncoding = 4; lastKnownFileType = sourcecode.c.objc; path = FMDatabaseAdditions.m; sourceTree = "<group>"; };
		B4BB8FD51DBEED1B00EF753C /* FMDatabasePool.h */ = {isa = PBXFileReference; fileEncoding = 4; lastKnownFileType = sourcecode.c.h; path = FMDatabasePool.h; sourceTree = "<group>"; };
		B4BB8FD61DBEED1B00EF753C /* FMDatabasePool.m */ = {isa = PBXFileReference; fileEncoding = 4; lastKnownFileType = sourcecode.c.objc; path = FMDatabasePool.m; sourceTree = "<group>"; };
		B4BB8FD71DBEED1B00EF753C /* FMDatabaseQueue.h */ = {isa = PBXFileReference; fileEncoding = 4; lastKnownFileType = sourcecode.c.h; path = FMDatabaseQueue.h; sourceTree = "<group>"; };
		B4BB8FD81DBEED1B00EF753C /* FMDatabaseQueue.m */ = {isa = PBXFileReference; fileEncoding = 4; lastKnownFileType = sourcecode.c.objc; path = FMDatabaseQueue.m; sourceTree = "<group>"; };
		B4BB8FD91DBEED1B00EF753C /* FMDB.h */ = {isa = PBXFileReference; fileEncoding = 4; lastKnownFileType = sourcecode.c.h; path = FMDB.h; sourceTree = "<group>"; };
		B4BB8FDA1DBEED1B00EF753C /* FMResultSet.h */ = {isa = PBXFileReference; fileEncoding = 4; lastKnownFileType = sourcecode.c.h; path = FMResultSet.h; sourceTree = "<group>"; };
		B4BB8FDB1DBEED1B00EF753C /* FMResultSet.m */ = {isa = PBXFileReference; fileEncoding = 4; lastKnownFileType = sourcecode.c.objc; path = FMResultSet.m; sourceTree = "<group>"; };
		B4BB8FDC1DBEED1B00EF753C /* Info.plist */ = {isa = PBXFileReference; fileEncoding = 4; lastKnownFileType = text.plist.xml; path = Info.plist; sourceTree = "<group>"; };
		B4BB8FE31DBEEDDB00EF753C /* libsqlite3.0.tbd */ = {isa = PBXFileReference; lastKnownFileType = "sourcecode.text-based-dylib-definition"; name = libsqlite3.0.tbd; path = usr/lib/libsqlite3.0.tbd; sourceTree = SDKROOT; };
		B4BB8FE61DBEEEFB00EF753C /* UIView+Frame.h */ = {isa = PBXFileReference; fileEncoding = 4; lastKnownFileType = sourcecode.c.h; path = "UIView+Frame.h"; sourceTree = "<group>"; };
		B4BB8FE71DBEEEFB00EF753C /* UIView+Frame.m */ = {isa = PBXFileReference; fileEncoding = 4; lastKnownFileType = sourcecode.c.objc; path = "UIView+Frame.m"; sourceTree = "<group>"; };
		B4BB8FEB1DBEEF0300EF753C /* AddressItem.h */ = {isa = PBXFileReference; fileEncoding = 4; lastKnownFileType = sourcecode.c.h; path = AddressItem.h; sourceTree = "<group>"; };
		B4BB8FEC1DBEEF0300EF753C /* AddressItem.m */ = {isa = PBXFileReference; fileEncoding = 4; lastKnownFileType = sourcecode.c.objc; path = AddressItem.m; sourceTree = "<group>"; };
		B4BB8FEE1DBEEF0300EF753C /* AddressTableViewCell.h */ = {isa = PBXFileReference; fileEncoding = 4; lastKnownFileType = sourcecode.c.h; path = AddressTableViewCell.h; sourceTree = "<group>"; };
		B4BB8FEF1DBEEF0300EF753C /* AddressTableViewCell.m */ = {isa = PBXFileReference; fileEncoding = 4; lastKnownFileType = sourcecode.c.objc; path = AddressTableViewCell.m; sourceTree = "<group>"; };
		B4BB8FF01DBEEF0300EF753C /* AddressTableViewCell.xib */ = {isa = PBXFileReference; fileEncoding = 4; lastKnownFileType = file.xib; path = AddressTableViewCell.xib; sourceTree = "<group>"; };
		B4BB8FF11DBEEF0300EF753C /* AddressView.h */ = {isa = PBXFileReference; fileEncoding = 4; lastKnownFileType = sourcecode.c.h; path = AddressView.h; sourceTree = "<group>"; };
		B4BB8FF21DBEEF0300EF753C /* AddressView.m */ = {isa = PBXFileReference; fileEncoding = 4; lastKnownFileType = sourcecode.c.objc; path = AddressView.m; sourceTree = "<group>"; };
		B4BB8FF31DBEEF0300EF753C /* ChooseLocationView.h */ = {isa = PBXFileReference; fileEncoding = 4; lastKnownFileType = sourcecode.c.h; path = ChooseLocationView.h; sourceTree = "<group>"; };
		B4BB8FF41DBEEF0300EF753C /* ChooseLocationView.m */ = {isa = PBXFileReference; fileEncoding = 4; lastKnownFileType = sourcecode.c.objc; path = ChooseLocationView.m; sourceTree = "<group>"; };
		B4BB8FFC1DBEF8D900EF753C /* Cities.json */ = {isa = PBXFileReference; fileEncoding = 4; lastKnownFileType = text.json; path = Cities.json; sourceTree = "<group>"; };
		B4BB8FFF1DBEF98F00EF753C /* CitiesDataTool.h */ = {isa = PBXFileReference; fileEncoding = 4; lastKnownFileType = sourcecode.c.h; path = CitiesDataTool.h; sourceTree = "<group>"; };
		B4BB90001DBEF98F00EF753C /* CitiesDataTool.m */ = {isa = PBXFileReference; fileEncoding = 4; lastKnownFileType = sourcecode.c.objc; path = CitiesDataTool.m; sourceTree = "<group>"; };
/* End PBXFileReference section */

/* Begin PBXFrameworksBuildPhase section */
		B48D89D11D6AE14D00814887 /* Frameworks */ = {
			isa = PBXFrameworksBuildPhase;
			buildActionMask = 2147483647;
			files = (
				B4BB90021DBF659D00EF753C /* libsqlite3.0.tbd in Frameworks */,
			);
			runOnlyForDeploymentPostprocessing = 0;
		};
		B48D89EA1D6AE14D00814887 /* Frameworks */ = {
			isa = PBXFrameworksBuildPhase;
			buildActionMask = 2147483647;
			files = (
			);
			runOnlyForDeploymentPostprocessing = 0;
		};
		B48D89F51D6AE14D00814887 /* Frameworks */ = {
			isa = PBXFrameworksBuildPhase;
			buildActionMask = 2147483647;
			files = (
			);
			runOnlyForDeploymentPostprocessing = 0;
		};
/* End PBXFrameworksBuildPhase section */

/* Begin PBXGroup section */
		B48D89CB1D6AE14D00814887 = {
			isa = PBXGroup;
			children = (
				B4BB8FE31DBEEDDB00EF753C /* libsqlite3.0.tbd */,
				B48D89D61D6AE14D00814887 /* ChooseLocation */,
				B48D89F01D6AE14D00814887 /* ChooseLocationTests */,
				B48D89FB1D6AE14D00814887 /* ChooseLocationUITests */,
				B48D89D51D6AE14D00814887 /* Products */,
			);
			sourceTree = "<group>";
		};
		B48D89D51D6AE14D00814887 /* Products */ = {
			isa = PBXGroup;
			children = (
				B48D89D41D6AE14D00814887 /* ChooseLocation.app */,
				B48D89ED1D6AE14D00814887 /* ChooseLocationTests.xctest */,
				B48D89F81D6AE14D00814887 /* ChooseLocationUITests.xctest */,
			);
			name = Products;
			sourceTree = "<group>";
		};
		B48D89D61D6AE14D00814887 /* ChooseLocation */ = {
			isa = PBXGroup;
			children = (
				B4BB8FE91DBEEF0300EF753C /* ChooseLocation */,
				B4BB8FE51DBEEEFB00EF753C /* Category */,
				B4BB8FD01DBEED1B00EF753C /* fmdb */,
				B4BB8FFE1DBEF97600EF753C /* Tool */,
				B48D89DD1D6AE14D00814887 /* ViewController.h */,
				B48D89DE1D6AE14D00814887 /* ViewController.m */,
				B48D89E31D6AE14D00814887 /* Assets.xcassets */,
				B48D89E81D6AE14D00814887 /* Info.plist */,
				B48D89D71D6AE14D00814887 /* Supporting Files */,
			);
			path = ChooseLocation;
			sourceTree = "<group>";
		};
		B48D89D71D6AE14D00814887 /* Supporting Files */ = {
			isa = PBXGroup;
			children = (
				B48D89E01D6AE14D00814887 /* Main.storyboard */,
				B48D89E51D6AE14D00814887 /* LaunchScreen.storyboard */,
				B48D89DA1D6AE14D00814887 /* AppDelegate.h */,
				B48D89DB1D6AE14D00814887 /* AppDelegate.m */,
				B4BB8FFC1DBEF8D900EF753C /* Cities.json */,
				B48D89D81D6AE14D00814887 /* main.m */,
			);
			name = "Supporting Files";
			sourceTree = "<group>";
		};
		B48D89F01D6AE14D00814887 /* ChooseLocationTests */ = {
			isa = PBXGroup;
			children = (
				B48D89F11D6AE14D00814887 /* ChooseLocationTests.m */,
				B48D89F31D6AE14D00814887 /* Info.plist */,
			);
			path = ChooseLocationTests;
			sourceTree = "<group>";
		};
		B48D89FB1D6AE14D00814887 /* ChooseLocationUITests */ = {
			isa = PBXGroup;
			children = (
				B48D89FC1D6AE14D00814887 /* ChooseLocationUITests.m */,
				B48D89FE1D6AE14D00814887 /* Info.plist */,
			);
			path = ChooseLocationUITests;
			sourceTree = "<group>";
		};
		B4BB8FD01DBEED1B00EF753C /* fmdb */ = {
			isa = PBXGroup;
			children = (
				B4BB8FD11DBEED1B00EF753C /* FMDatabase.h */,
				B4BB8FD21DBEED1B00EF753C /* FMDatabase.m */,
				B4BB8FD31DBEED1B00EF753C /* FMDatabaseAdditions.h */,
				B4BB8FD41DBEED1B00EF753C /* FMDatabaseAdditions.m */,
				B4BB8FD51DBEED1B00EF753C /* FMDatabasePool.h */,
				B4BB8FD61DBEED1B00EF753C /* FMDatabasePool.m */,
				B4BB8FD71DBEED1B00EF753C /* FMDatabaseQueue.h */,
				B4BB8FD81DBEED1B00EF753C /* FMDatabaseQueue.m */,
				B4BB8FD91DBEED1B00EF753C /* FMDB.h */,
				B4BB8FDA1DBEED1B00EF753C /* FMResultSet.h */,
				B4BB8FDB1DBEED1B00EF753C /* FMResultSet.m */,
				B4BB8FDC1DBEED1B00EF753C /* Info.plist */,
			);
			path = fmdb;
			sourceTree = "<group>";
		};
		B4BB8FE51DBEEEFB00EF753C /* Category */ = {
			isa = PBXGroup;
			children = (
				B4BB8FE61DBEEEFB00EF753C /* UIView+Frame.h */,
				B4BB8FE71DBEEEFB00EF753C /* UIView+Frame.m */,
			);
			path = Category;
			sourceTree = "<group>";
		};
		B4BB8FE91DBEEF0300EF753C /* ChooseLocation */ = {
			isa = PBXGroup;
			children = (
				B4BB8FEA1DBEEF0300EF753C /* Model */,
				B4BB8FED1DBEEF0300EF753C /* View */,
			);
			path = ChooseLocation;
			sourceTree = "<group>";
		};
		B4BB8FEA1DBEEF0300EF753C /* Model */ = {
			isa = PBXGroup;
			children = (
				B4BB8FEB1DBEEF0300EF753C /* AddressItem.h */,
				B4BB8FEC1DBEEF0300EF753C /* AddressItem.m */,
			);
			path = Model;
			sourceTree = "<group>";
		};
		B4BB8FED1DBEEF0300EF753C /* View */ = {
			isa = PBXGroup;
			children = (
				B4BB8FF31DBEEF0300EF753C /* ChooseLocationView.h */,
				B4BB8FF41DBEEF0300EF753C /* ChooseLocationView.m */,
				B4BB8FF11DBEEF0300EF753C /* AddressView.h */,
				B4BB8FF21DBEEF0300EF753C /* AddressView.m */,
				B4BB8FEE1DBEEF0300EF753C /* AddressTableViewCell.h */,
				B4BB8FEF1DBEEF0300EF753C /* AddressTableViewCell.m */,
				B4BB8FF01DBEEF0300EF753C /* AddressTableViewCell.xib */,
			);
			path = View;
			sourceTree = "<group>";
		};
		B4BB8FFE1DBEF97600EF753C /* Tool */ = {
			isa = PBXGroup;
			children = (
				B4BB8FFF1DBEF98F00EF753C /* CitiesDataTool.h */,
				B4BB90001DBEF98F00EF753C /* CitiesDataTool.m */,
			);
			path = Tool;
			sourceTree = "<group>";
		};
/* End PBXGroup section */

/* Begin PBXNativeTarget section */
		B48D89D31D6AE14D00814887 /* ChooseLocation */ = {
			isa = PBXNativeTarget;
			buildConfigurationList = B48D8A011D6AE14D00814887 /* Build configuration list for PBXNativeTarget "ChooseLocation" */;
			buildPhases = (
				B48D89D01D6AE14D00814887 /* Sources */,
				B48D89D11D6AE14D00814887 /* Frameworks */,
				B48D89D21D6AE14D00814887 /* Resources */,
			);
			buildRules = (
			);
			dependencies = (
			);
			name = ChooseLocation;
			productName = ChooseLocation;
			productReference = B48D89D41D6AE14D00814887 /* ChooseLocation.app */;
			productType = "com.apple.product-type.application";
		};
		B48D89EC1D6AE14D00814887 /* ChooseLocationTests */ = {
			isa = PBXNativeTarget;
			buildConfigurationList = B48D8A041D6AE14D00814887 /* Build configuration list for PBXNativeTarget "ChooseLocationTests" */;
			buildPhases = (
				B48D89E91D6AE14D00814887 /* Sources */,
				B48D89EA1D6AE14D00814887 /* Frameworks */,
				B48D89EB1D6AE14D00814887 /* Resources */,
			);
			buildRules = (
			);
			dependencies = (
				B48D89EF1D6AE14D00814887 /* PBXTargetDependency */,
			);
			name = ChooseLocationTests;
			productName = ChooseLocationTests;
			productReference = B48D89ED1D6AE14D00814887 /* ChooseLocationTests.xctest */;
			productType = "com.apple.product-type.bundle.unit-test";
		};
		B48D89F71D6AE14D00814887 /* ChooseLocationUITests */ = {
			isa = PBXNativeTarget;
			buildConfigurationList = B48D8A071D6AE14D00814887 /* Build configuration list for PBXNativeTarget "ChooseLocationUITests" */;
			buildPhases = (
				B48D89F41D6AE14D00814887 /* Sources */,
				B48D89F51D6AE14D00814887 /* Frameworks */,
				B48D89F61D6AE14D00814887 /* Resources */,
			);
			buildRules = (
			);
			dependencies = (
				B48D89FA1D6AE14D00814887 /* PBXTargetDependency */,
			);
			name = ChooseLocationUITests;
			productName = ChooseLocationUITests;
			productReference = B48D89F81D6AE14D00814887 /* ChooseLocationUITests.xctest */;
			productType = "com.apple.product-type.bundle.ui-testing";
		};
/* End PBXNativeTarget section */

/* Begin PBXProject section */
		B48D89CC1D6AE14D00814887 /* Project object */ = {
			isa = PBXProject;
			attributes = {
				LastUpgradeCheck = 0720;
				ORGANIZATIONNAME = HY;
				TargetAttributes = {
					B48D89D31D6AE14D00814887 = {
						CreatedOnToolsVersion = 7.2;
						DevelopmentTeam = HQVNC23RTF;
						ProvisioningStyle = Manual;
					};
					B48D89EC1D6AE14D00814887 = {
						CreatedOnToolsVersion = 7.2;
						TestTargetID = B48D89D31D6AE14D00814887;
					};
					B48D89F71D6AE14D00814887 = {
						CreatedOnToolsVersion = 7.2;
						TestTargetID = B48D89D31D6AE14D00814887;
					};
				};
			};
			buildConfigurationList = B48D89CF1D6AE14D00814887 /* Build configuration list for PBXProject "ChooseLocation" */;
			compatibilityVersion = "Xcode 3.2";
			developmentRegion = English;
			hasScannedForEncodings = 0;
			knownRegions = (
				en,
				Base,
			);
			mainGroup = B48D89CB1D6AE14D00814887;
			productRefGroup = B48D89D51D6AE14D00814887 /* Products */;
			projectDirPath = "";
			projectRoot = "";
			targets = (
				B48D89D31D6AE14D00814887 /* ChooseLocation */,
				B48D89EC1D6AE14D00814887 /* ChooseLocationTests */,
				B48D89F71D6AE14D00814887 /* ChooseLocationUITests */,
			);
		};
/* End PBXProject section */

/* Begin PBXResourcesBuildPhase section */
		B48D89D21D6AE14D00814887 /* Resources */ = {
			isa = PBXResourcesBuildPhase;
			buildActionMask = 2147483647;
			files = (
				B48D89E71D6AE14D00814887 /* LaunchScreen.storyboard in Resources */,
				B4BB8FFD1DBEF8D900EF753C /* Cities.json in Resources */,
				B48D89E41D6AE14D00814887 /* Assets.xcassets in Resources */,
				B48D89E21D6AE14D00814887 /* Main.storyboard in Resources */,
				B4BB8FF71DBEEF0300EF753C /* AddressTableViewCell.xib in Resources */,
				B4BB8FE21DBEED1B00EF753C /* Info.plist in Resources */,
			);
			runOnlyForDeploymentPostprocessing = 0;
		};
		B48D89EB1D6AE14D00814887 /* Resources */ = {
			isa = PBXResourcesBuildPhase;
			buildActionMask = 2147483647;
			files = (
			);
			runOnlyForDeploymentPostprocessing = 0;
		};
		B48D89F61D6AE14D00814887 /* Resources */ = {
			isa = PBXResourcesBuildPhase;
			buildActionMask = 2147483647;
			files = (
			);
			runOnlyForDeploymentPostprocessing = 0;
		};
/* End PBXResourcesBuildPhase section */

/* Begin PBXSourcesBuildPhase section */
		B48D89D01D6AE14D00814887 /* Sources */ = {
			isa = PBXSourcesBuildPhase;
			buildActionMask = 2147483647;
			files = (
				B48D89DF1D6AE14D00814887 /* ViewController.m in Sources */,
				B4BB8FF51DBEEF0300EF753C /* AddressItem.m in Sources */,
				B4BB8FDD1DBEED1B00EF753C /* FMDatabase.m in Sources */,
				B4BB8FF61DBEEF0300EF753C /* AddressTableViewCell.m in Sources */,
				B4BB8FE01DBEED1B00EF753C /* FMDatabaseQueue.m in Sources */,
				B4BB8FE81DBEEEFB00EF753C /* UIView+Frame.m in Sources */,
				B4BB8FE11DBEED1B00EF753C /* FMResultSet.m in Sources */,
				B4BB8FDF1DBEED1B00EF753C /* FMDatabasePool.m in Sources */,
				B48D89DC1D6AE14D00814887 /* AppDelegate.m in Sources */,
				B4BB8FF81DBEEF0300EF753C /* AddressView.m in Sources */,
				B48D89D91D6AE14D00814887 /* main.m in Sources */,
				B4BB8FDE1DBEED1B00EF753C /* FMDatabaseAdditions.m in Sources */,
				B4BB90011DBEF98F00EF753C /* CitiesDataTool.m in Sources */,
				B4BB8FF91DBEEF0300EF753C /* ChooseLocationView.m in Sources */,
			);
			runOnlyForDeploymentPostprocessing = 0;
		};
		B48D89E91D6AE14D00814887 /* Sources */ = {
			isa = PBXSourcesBuildPhase;
			buildActionMask = 2147483647;
			files = (
				B48D89F21D6AE14D00814887 /* ChooseLocationTests.m in Sources */,
			);
			runOnlyForDeploymentPostprocessing = 0;
		};
		B48D89F41D6AE14D00814887 /* Sources */ = {
			isa = PBXSourcesBuildPhase;
			buildActionMask = 2147483647;
			files = (
				B48D89FD1D6AE14D00814887 /* ChooseLocationUITests.m in Sources */,
			);
			runOnlyForDeploymentPostprocessing = 0;
		};
/* End PBXSourcesBuildPhase section */

/* Begin PBXTargetDependency section */
		B48D89EF1D6AE14D00814887 /* PBXTargetDependency */ = {
			isa = PBXTargetDependency;
			target = B48D89D31D6AE14D00814887 /* ChooseLocation */;
			targetProxy = B48D89EE1D6AE14D00814887 /* PBXContainerItemProxy */;
		};
		B48D89FA1D6AE14D00814887 /* PBXTargetDependency */ = {
			isa = PBXTargetDependency;
			target = B48D89D31D6AE14D00814887 /* ChooseLocation */;
			targetProxy = B48D89F91D6AE14D00814887 /* PBXContainerItemProxy */;
		};
/* End PBXTargetDependency section */

/* Begin PBXVariantGroup section */
		B48D89E01D6AE14D00814887 /* Main.storyboard */ = {
			isa = PBXVariantGroup;
			children = (
				B48D89E11D6AE14D00814887 /* Base */,
			);
			name = Main.storyboard;
			sourceTree = "<group>";
		};
		B48D89E51D6AE14D00814887 /* LaunchScreen.storyboard */ = {
			isa = PBXVariantGroup;
			children = (
				B48D89E61D6AE14D00814887 /* Base */,
			);
			name = LaunchScreen.storyboard;
			sourceTree = "<group>";
		};
/* End PBXVariantGroup section */

/* Begin XCBuildConfiguration section */
		B48D89FF1D6AE14D00814887 /* Debug */ = {
			isa = XCBuildConfiguration;
			buildSettings = {
				ALWAYS_SEARCH_USER_PATHS = NO;
				CLANG_CXX_LANGUAGE_STANDARD = "gnu++0x";
				CLANG_CXX_LIBRARY = "libc++";
				CLANG_ENABLE_MODULES = YES;
				CLANG_ENABLE_OBJC_ARC = YES;
				CLANG_WARN_BOOL_CONVERSION = YES;
				CLANG_WARN_CONSTANT_CONVERSION = YES;
				CLANG_WARN_DIRECT_OBJC_ISA_USAGE = YES_ERROR;
				CLANG_WARN_EMPTY_BODY = YES;
				CLANG_WARN_ENUM_CONVERSION = YES;
				CLANG_WARN_INT_CONVERSION = YES;
				CLANG_WARN_OBJC_ROOT_CLASS = YES_ERROR;
				CLANG_WARN_UNREACHABLE_CODE = YES;
				CLANG_WARN__DUPLICATE_METHOD_MATCH = YES;
				"CODE_SIGN_IDENTITY[sdk=iphoneos*]" = "iPhone Developer";
				COPY_PHASE_STRIP = NO;
				DEBUG_INFORMATION_FORMAT = dwarf;
				ENABLE_STRICT_OBJC_MSGSEND = YES;
				ENABLE_TESTABILITY = YES;
				GCC_C_LANGUAGE_STANDARD = gnu99;
				GCC_DYNAMIC_NO_PIC = NO;
				GCC_NO_COMMON_BLOCKS = YES;
				GCC_OPTIMIZATION_LEVEL = 0;
				GCC_PREPROCESSOR_DEFINITIONS = (
					"DEBUG=1",
					"$(inherited)",
				);
				GCC_WARN_64_TO_32_BIT_CONVERSION = YES;
				GCC_WARN_ABOUT_RETURN_TYPE = YES_ERROR;
				GCC_WARN_UNDECLARED_SELECTOR = YES;
				GCC_WARN_UNINITIALIZED_AUTOS = YES_AGGRESSIVE;
				GCC_WARN_UNUSED_FUNCTION = YES;
				GCC_WARN_UNUSED_VARIABLE = YES;
				IPHONEOS_DEPLOYMENT_TARGET = 9.2;
				MTL_ENABLE_DEBUG_INFO = YES;
				ONLY_ACTIVE_ARCH = YES;
				SDKROOT = iphoneos;
			};
			name = Debug;
		};
		B48D8A001D6AE14D00814887 /* Release */ = {
			isa = XCBuildConfiguration;
			buildSettings = {
				ALWAYS_SEARCH_USER_PATHS = NO;
				CLANG_CXX_LANGUAGE_STANDARD = "gnu++0x";
				CLANG_CXX_LIBRARY = "libc++";
				CLANG_ENABLE_MODULES = YES;
				CLANG_ENABLE_OBJC_ARC = YES;
				CLANG_WARN_BOOL_CONVERSION = YES;
				CLANG_WARN_CONSTANT_CONVERSION = YES;
				CLANG_WARN_DIRECT_OBJC_ISA_USAGE = YES_ERROR;
				CLANG_WARN_EMPTY_BODY = YES;
				CLANG_WARN_ENUM_CONVERSION = YES;
				CLANG_WARN_INT_CONVERSION = YES;
				CLANG_WARN_OBJC_ROOT_CLASS = YES_ERROR;
				CLANG_WARN_UNREACHABLE_CODE = YES;
				CLANG_WARN__DUPLICATE_METHOD_MATCH = YES;
				"CODE_SIGN_IDENTITY[sdk=iphoneos*]" = "iPhone Developer";
				COPY_PHASE_STRIP = NO;
				DEBUG_INFORMATION_FORMAT = "dwarf-with-dsym";
				ENABLE_NS_ASSERTIONS = NO;
				ENABLE_STRICT_OBJC_MSGSEND = YES;
				GCC_C_LANGUAGE_STANDARD = gnu99;
				GCC_NO_COMMON_BLOCKS = YES;
				GCC_WARN_64_TO_32_BIT_CONVERSION = YES;
				GCC_WARN_ABOUT_RETURN_TYPE = YES_ERROR;
				GCC_WARN_UNDECLARED_SELECTOR = YES;
				GCC_WARN_UNINITIALIZED_AUTOS = YES_AGGRESSIVE;
				GCC_WARN_UNUSED_FUNCTION = YES;
				GCC_WARN_UNUSED_VARIABLE = YES;
				IPHONEOS_DEPLOYMENT_TARGET = 9.2;
				MTL_ENABLE_DEBUG_INFO = NO;
				SDKROOT = iphoneos;
				VALIDATE_PRODUCT = YES;
			};
			name = Release;
		};
		B48D8A021D6AE14D00814887 /* Debug */ = {
			isa = XCBuildConfiguration;
			buildSettings = {
				ASSETCATALOG_COMPILER_APPICON_NAME = AppIcon;
				CODE_SIGN_IDENTITY = "iPhone Developer";
				"CODE_SIGN_IDENTITY[sdk=iphoneos*]" = "iPhone Distribution";
				CODE_SIGN_STYLE = Manual;
				DEVELOPMENT_TEAM = HQVNC23RTF;
				INFOPLIST_FILE = ChooseLocation/Info.plist;
				IPHONEOS_DEPLOYMENT_TARGET = 9.2;
				LD_RUNPATH_SEARCH_PATHS = "$(inherited) @executable_path/Frameworks";
				PRODUCT_BUNDLE_IDENTIFIER = com.sekorm.SinfoEp;
				PRODUCT_NAME = "$(TARGET_NAME)";
				PROVISIONING_PROFILE = "4f86f9c7-84ec-4bdf-8349-c9127637d677";
				PROVISIONING_PROFILE_SPECIFIER = SinfoEpInHouse;
			};
			name = Debug;
		};
		B48D8A031D6AE14D00814887 /* Release */ = {
			isa = XCBuildConfiguration;
			buildSettings = {
				ASSETCATALOG_COMPILER_APPICON_NAME = AppIcon;
				CODE_SIGN_IDENTITY = "iPhone Developer";
				"CODE_SIGN_IDENTITY[sdk=iphoneos*]" = "iPhone Distribution";
				CODE_SIGN_STYLE = Manual;
				DEVELOPMENT_TEAM = HQVNC23RTF;
				INFOPLIST_FILE = ChooseLocation/Info.plist;
				IPHONEOS_DEPLOYMENT_TARGET = 9.2;
				LD_RUNPATH_SEARCH_PATHS = "$(inherited) @executable_path/Frameworks";
				PRODUCT_BUNDLE_IDENTIFIER = com.sekorm.SinfoEp;
				PRODUCT_NAME = "$(TARGET_NAME)";
				PROVISIONING_PROFILE = "4f86f9c7-84ec-4bdf-8349-c9127637d677";
				PROVISIONING_PROFILE_SPECIFIER = SinfoEpInHouse;
			};
			name = Release;
		};
		B48D8A051D6AE14D00814887 /* Debug */ = {
			isa = XCBuildConfiguration;
			buildSettings = {
				BUNDLE_LOADER = "$(TEST_HOST)";
				INFOPLIST_FILE = ChooseLocationTests/Info.plist;
				LD_RUNPATH_SEARCH_PATHS = "$(inherited) @executable_path/Frameworks @loader_path/Frameworks";
				PRODUCT_BUNDLE_IDENTIFIER = com.yeliang.ChooseLocationTests;
				PRODUCT_NAME = "$(TARGET_NAME)";
				TEST_HOST = "$(BUILT_PRODUCTS_DIR)/ChooseLocation.app/ChooseLocation";
			};
			name = Debug;
		};
		B48D8A061D6AE14D00814887 /* Release */ = {
			isa = XCBuildConfiguration;
			buildSettings = {
				BUNDLE_LOADER = "$(TEST_HOST)";
				INFOPLIST_FILE = ChooseLocationTests/Info.plist;
				LD_RUNPATH_SEARCH_PATHS = "$(inherited) @executable_path/Frameworks @loader_path/Frameworks";
				PRODUCT_BUNDLE_IDENTIFIER = com.yeliang.ChooseLocationTests;
				PRODUCT_NAME = "$(TARGET_NAME)";
				TEST_HOST = "$(BUILT_PRODUCTS_DIR)/ChooseLocation.app/ChooseLocation";
			};
			name = Release;
		};
		B48D8A081D6AE14D00814887 /* Debug */ = {
			isa = XCBuildConfiguration;
			buildSettings = {
				INFOPLIST_FILE = ChooseLocationUITests/Info.plist;
				LD_RUNPATH_SEARCH_PATHS = "$(inherited) @executable_path/Frameworks @loader_path/Frameworks";
				PRODUCT_BUNDLE_IDENTIFIER = com.yeliang.ChooseLocationUITests;
				PRODUCT_NAME = "$(TARGET_NAME)";
				TEST_TARGET_NAME = ChooseLocation;
				USES_XCTRUNNER = YES;
			};
			name = Debug;
		};
		B48D8A091D6AE14D00814887 /* Release */ = {
			isa = XCBuildConfiguration;
			buildSettings = {
				INFOPLIST_FILE = ChooseLocationUITests/Info.plist;
				LD_RUNPATH_SEARCH_PATHS = "$(inherited) @executable_path/Frameworks @loader_path/Frameworks";
				PRODUCT_BUNDLE_IDENTIFIER = com.yeliang.ChooseLocationUITests;
				PRODUCT_NAME = "$(TARGET_NAME)";
				TEST_TARGET_NAME = ChooseLocation;
				USES_XCTRUNNER = YES;
			};
			name = Release;
		};
/* End XCBuildConfiguration section */

/* Begin XCConfigurationList section */
		B48D89CF1D6AE14D00814887 /* Build configuration list for PBXProject "ChooseLocation" */ = {
			isa = XCConfigurationList;
			buildConfigurations = (
				B48D89FF1D6AE14D00814887 /* Debug */,
				B48D8A001D6AE14D00814887 /* Release */,
			);
			defaultConfigurationIsVisible = 0;
			defaultConfigurationName = Release;
		};
		B48D8A011D6AE14D00814887 /* Build configuration list for PBXNativeTarget "ChooseLocation" */ = {
			isa = XCConfigurationList;
			buildConfigurations = (
				B48D8A021D6AE14D00814887 /* Debug */,
				B48D8A031D6AE14D00814887 /* Release */,
			);
			defaultConfigurationIsVisible = 0;
			defaultConfigurationName = Release;
		};
		B48D8A041D6AE14D00814887 /* Build configuration list for PBXNativeTarget "ChooseLocationTests" */ = {
			isa = XCConfigurationList;
			buildConfigurations = (
				B48D8A051D6AE14D00814887 /* Debug */,
				B48D8A061D6AE14D00814887 /* Release */,
			);
			defaultConfigurationIsVisible = 0;
			defaultConfigurationName = Release;
		};
		B48D8A071D6AE14D00814887 /* Build configuration list for PBXNativeTarget "ChooseLocationUITests" */ = {
			isa = XCConfigurationList;
			buildConfigurations = (
				B48D8A081D6AE14D00814887 /* Debug */,
				B48D8A091D6AE14D00814887 /* Release */,
			);
			defaultConfigurationIsVisible = 0;
			defaultConfigurationName = Release;
		};
/* End XCConfigurationList section */
	};
	rootObject = B48D89CC1D6AE14D00814887 /* Project object */;
}
